
Microsoft Visual Studio Solution File, Format Version 12.00
# Visual Studio Version 16
VisualStudioVersion = 16.0.30011.22
MinimumVisualStudioVersion = 10.0.40219.1
Project("{FAE04EC0-301F-11D3-BF4B-00C04F79EFBC}") = "MongoConnect", "MongoConnect\MongoConnect.csproj", "{45791579-2A73-43CD-A1CC-DDBAE858225C}"
EndProject
Global
	GlobalSection(SolutionConfigurationPlatforms) = preSolution
		Debug|Any CPU = Debug|Any CPU
		Release|Any CPU = Release|Any CPU
	EndGlobalSection
	GlobalSection(ProjectConfigurationPlatforms) = postSolution
		{45791579-2A73-43CD-A1CC-DDBAE858225C}.Debug|Any CPU.ActiveCfg = Debug|Any CPU
		{45791579-2A73-43CD-A1CC-DDBAE858225C}.Debug|Any CPU.Build.0 = Debug|Any CPU
		{45791579-2A73-43CD-A1CC-DDBAE858225C}.Release|Any CPU.ActiveCfg = Release|Any CPU
		{45791579-2A73-43CD-A1CC-DDBAE858225C}.Release|Any CPU.Build.0 = Release|Any CPU
	EndGlobalSection
	GlobalSection(SolutionProperties) = preSolution
		HideSolutionNode = FALSE
	EndGlobalSection
	GlobalSection(ExtensibilityGlobals) = postSolution
		SolutionGuid = {8843F522-BEDD-43BB-A805-CE1545EAE941}
	EndGlobalSection
EndGlobal
