
Microsoft Visual Studio Solution File, Format Version 12.00
# Visual Studio Version 16
VisualStudioVersion = 16.0.30204.135
MinimumVisualStudioVersion = 10.0.40219.1
Project("{FAE04EC0-301F-11D3-BF4B-00C04F79EFBC}") = "Fields", "Fields\Fields.csproj", "{F2377445-EB1C-46FE-8408-D9F21FFF7860}"
EndProject
Global
	GlobalSection(SolutionConfigurationPlatforms) = preSolution
		Debug|Any CPU = Debug|Any CPU
		Release|Any CPU = Release|Any CPU
	EndGlobalSection
	GlobalSection(ProjectConfigurationPlatforms) = postSolution
		{F2377445-EB1C-46FE-8408-D9F21FFF7860}.Debug|Any CPU.ActiveCfg = Debug|Any CPU
		{F2377445-EB1C-46FE-8408-D9F21FFF7860}.Debug|Any CPU.Build.0 = Debug|Any CPU
		{F2377445-EB1C-46FE-8408-D9F21FFF7860}.Release|Any CPU.ActiveCfg = Release|Any CPU
		{F2377445-EB1C-46FE-8408-D9F21FFF7860}.Release|Any CPU.Build.0 = Release|Any CPU
	EndGlobalSection
	GlobalSection(SolutionProperties) = preSolution
		HideSolutionNode = FALSE
	EndGlobalSection
	GlobalSection(ExtensibilityGlobals) = postSolution
		SolutionGuid = {BCD8562A-1436-47EA-92D8-12F941FB7A60}
	EndGlobalSection
EndGlobal
