
Microsoft Visual Studio Solution File, Format Version 12.00
# Visual Studio Version 16
VisualStudioVersion = 16.0.30204.135
MinimumVisualStudioVersion = 10.0.40219.1
Project("{FAE04EC0-301F-11D3-BF4B-00C04F79EFBC}") = "WorkFlowEngine", "WorkFlowEngine\WorkFlowEngine.csproj", "{B3CB10F2-8A4B-41CA-8D1C-67E369C83D65}"
EndProject
Global
	GlobalSection(SolutionConfigurationPlatforms) = preSolution
		Debug|Any CPU = Debug|Any CPU
		Release|Any CPU = Release|Any CPU
	EndGlobalSection
	GlobalSection(ProjectConfigurationPlatforms) = postSolution
		{B3CB10F2-8A4B-41CA-8D1C-67E369C83D65}.Debug|Any CPU.ActiveCfg = Debug|Any CPU
		{B3CB10F2-8A4B-41CA-8D1C-67E369C83D65}.Debug|Any CPU.Build.0 = Debug|Any CPU
		{B3CB10F2-8A4B-41CA-8D1C-67E369C83D65}.Release|Any CPU.ActiveCfg = Release|Any CPU
		{B3CB10F2-8A4B-41CA-8D1C-67E369C83D65}.Release|Any CPU.Build.0 = Release|Any CPU
	EndGlobalSection
	GlobalSection(SolutionProperties) = preSolution
		HideSolutionNode = FALSE
	EndGlobalSection
	GlobalSection(ExtensibilityGlobals) = postSolution
		SolutionGuid = {BEF833DD-5232-427B-9C83-1F2262E2E628}
	EndGlobalSection
EndGlobal
